version = 1
requires-python = ">=3.13"

[[package]]
name = "boto3"
version = "1.35.64"
source = { registry = "https://pypi.org/simple" }
dependencies = [
    { name = "botocore" },
    { name = "jmespath" },
    { name = "s3transfer" },
]
sdist = { url = "https://files.pythonhosted.org/packages/46/d5/2eda9ef554182c3b306ea18c049f152be8495198911ce0c4c2375eb6a236/boto3-1.35.64.tar.gz", hash = "sha256:bc3fc12b41fa2c91e51ab140f74fb1544408a2b1e00f88a4c2369a66d18ddf20", size = 111021 }
wheels = [
    { url = "https://files.pythonhosted.org/packages/92/c4/7a9d1731880b5562ec1d5f53e620c0470ba49e4b4a9bed37d516207e7233/boto3-1.35.64-py3-none-any.whl", hash = "sha256:cdacf03fc750caa3aa0dbf6158166def9922c9d67b4160999ff8fc350662facc", size = 139181 },
]

[[package]]
name = "boto3-stubs"
version = "1.35.64"
source = { registry = "https://pypi.org/simple" }
dependencies = [
    { name = "botocore-stubs" },
    { name = "types-s3transfer" },
]
sdist = { url = "https://files.pythonhosted.org/packages/a0/5d/36c36c4b87119af30189052b54ed6d211e8d147e2013a0a72f08da0a390c/boto3_stubs-1.35.64.tar.gz", hash = "sha256:584218bcee0cda64c139a22b3305058c04423f08cc328f8da5d493ee0fa93195", size = 92753 }
wheels = [
    { url = "https://files.pythonhosted.org/packages/90/d4/d6c58f0e1efbe49bc51d14d6b92fa3262775128b1b30f7ec141b325171ff/boto3_stubs-1.35.64-py3-none-any.whl", hash = "sha256:445823148d07d3888be7c278aeda642f0c8c38fb24e5b619879734c1c482eec7", size = 62335 },
]

[package.optional-dependencies]
rekognition = [
    { name = "mypy-boto3-rekognition" },
]

[[package]]
name = "botocore"
version = "1.35.64"
source = { registry = "https://pypi.org/simple" }
dependencies = [
    { name = "jmespath" },
    { name = "python-dateutil" },
    { name = "urllib3" },
]
sdist = { url = "https://files.pythonhosted.org/packages/0e/d3/71c2bbccea5a307e9b6218e41b5189d5e0c61217dc8d883dcac6a2aae762/botocore-1.35.64.tar.gz", hash = "sha256:2f95c83f31c9e38a66995c88810fc638c829790e125032ba00ab081a2cf48cb9", size = 13057662 }
wheels = [
    { url = "https://files.pythonhosted.org/packages/63/14/664640de4817e2fa619f804e2bc753c3ffe4bfc8486a57e275483e6c6e3e/botocore-1.35.64-py3-none-any.whl", hash = "sha256:bbd96bf7f442b1d5e35b36f501076e4a588c83d8d84a1952e9ee1d767e5efb3e", size = 12852015 },
]

[[package]]
name = "botocore-stubs"
version = "1.35.64"
source = { registry = "https://pypi.org/simple" }
dependencies = [
    { name = "types-awscrt" },
]
sdist = { url = "https://files.pythonhosted.org/packages/49/1f/d10a1d6d2cd82df387640e6edd1b7bf8ee15286180ab897275c659dd5a64/botocore_stubs-1.35.64.tar.gz", hash = "sha256:85b2bf26ef72dd6d6806b71e8a8437dc14fb288840487b21e451a3ba9d82ab42", size = 40690 }
wheels = [
    { url = "https://files.pythonhosted.org/packages/cf/38/739dd4ab69ad87c8c68c1addf0ea9ad3a0b82435bfa97dae80df8eaa1a50/botocore_stubs-1.35.64-py3-none-any.whl", hash = "sha256:95e22173437ec65f168d716fbae093ae4ece6d3fa1c3dfd9cf77bc4b62b0c656", size = 60353 },
]

[[package]]
name = "jmespath"
version = "1.0.1"
source = { registry = "https://pypi.org/simple" }
sdist = { url = "https://files.pythonhosted.org/packages/00/2a/e867e8531cf3e36b41201936b7fa7ba7b5702dbef42922193f05c8976cd6/jmespath-1.0.1.tar.gz", hash = "sha256:90261b206d6defd58fdd5e85f478bf633a2901798906be2ad389150c5c60edbe", size = 25843 }
wheels = [
    { url = "https://files.pythonhosted.org/packages/31/b4/b9b800c45527aadd64d5b442f9b932b00648617eb5d63d2c7a6587b7cafc/jmespath-1.0.1-py3-none-any.whl", hash = "sha256:02e2e4cc71b5bcab88332eebf907519190dd9e6e82107fa7f83b1003a6252980", size = 20256 },
]

[[package]]
name = "mypy-boto3-rekognition"
version = "1.35.0"
source = { registry = "https://pypi.org/simple" }
sdist = { url = "https://files.pythonhosted.org/packages/50/53/4b92ef69223b2b68f648ae6007a1173afc1f544b758580fec0bb3a6270a7/mypy_boto3_rekognition-1.35.0.tar.gz", hash = "sha256:986dd37b2c2e079fbced9de786a8c5c1fd32d963b8f681133cccfea0bd0b6ce0", size = 48854 }
wheels = [
    { url = "https://files.pythonhosted.org/packages/9f/53/566be1967475723b36b5e40c4d7cfb3ed79859c490c81fb87b15928cdc52/mypy_boto3_rekognition-1.35.0-py3-none-any.whl", hash = "sha256:359755cd4eead58f9e0f000eebe1e91e593b484743b0c68b76e751dd6ea9a956", size = 56226 },
]

[[package]]
name = "pillow"
version = "11.0.0"
source = { registry = "https://pypi.org/simple" }
sdist = { url = "https://files.pythonhosted.org/packages/a5/26/0d95c04c868f6bdb0c447e3ee2de5564411845e36a858cfd63766bc7b563/pillow-11.0.0.tar.gz", hash = "sha256:72bacbaf24ac003fea9bff9837d1eedb6088758d41e100c1552930151f677739", size = 46737780 }
wheels = [
    { url = "https://files.pythonhosted.org/packages/63/24/e2e15e392d00fcf4215907465d8ec2a2f23bcec1481a8ebe4ae760459995/pillow-11.0.0-cp313-cp313-macosx_10_13_x86_64.whl", hash = "sha256:bcd1fb5bb7b07f64c15618c89efcc2cfa3e95f0e3bcdbaf4642509de1942a699", size = 3147300 },
    { url = "https://files.pythonhosted.org/packages/43/72/92ad4afaa2afc233dc44184adff289c2e77e8cd916b3ddb72ac69495bda3/pillow-11.0.0-cp313-cp313-macosx_11_0_arm64.whl", hash = "sha256:0e038b0745997c7dcaae350d35859c9715c71e92ffb7e0f4a8e8a16732150f38", size = 2978742 },
    { url = "https://files.pythonhosted.org/packages/9e/da/c8d69c5bc85d72a8523fe862f05ababdc52c0a755cfe3d362656bb86552b/pillow-11.0.0-cp313-cp313-manylinux_2_17_aarch64.manylinux2014_aarch64.whl", hash = "sha256:0ae08bd8ffc41aebf578c2af2f9d8749d91f448b3bfd41d7d9ff573d74f2a6b2", size = 4194349 },
    { url = "https://files.pythonhosted.org/packages/cd/e8/686d0caeed6b998351d57796496a70185376ed9c8ec7d99e1d19ad591fc6/pillow-11.0.0-cp313-cp313-manylinux_2_17_x86_64.manylinux2014_x86_64.whl", hash = "sha256:d69bfd8ec3219ae71bcde1f942b728903cad25fafe3100ba2258b973bd2bc1b2", size = 4298714 },
    { url = "https://files.pythonhosted.org/packages/ec/da/430015cec620d622f06854be67fd2f6721f52fc17fca8ac34b32e2d60739/pillow-11.0.0-cp313-cp313-manylinux_2_28_aarch64.whl", hash = "sha256:61b887f9ddba63ddf62fd02a3ba7add935d053b6dd7d58998c630e6dbade8527", size = 4208514 },
    { url = "https://files.pythonhosted.org/packages/44/ae/7e4f6662a9b1cb5f92b9cc9cab8321c381ffbee309210940e57432a4063a/pillow-11.0.0-cp313-cp313-manylinux_2_28_x86_64.whl", hash = "sha256:c6a660307ca9d4867caa8d9ca2c2658ab685de83792d1876274991adec7b93fa", size = 4380055 },
    { url = "https://files.pythonhosted.org/packages/74/d5/1a807779ac8a0eeed57f2b92a3c32ea1b696e6140c15bd42eaf908a261cd/pillow-11.0.0-cp313-cp313-musllinux_1_2_aarch64.whl", hash = "sha256:73e3a0200cdda995c7e43dd47436c1548f87a30bb27fb871f352a22ab8dcf45f", size = 4296751 },
    { url = "https://files.pythonhosted.org/packages/38/8c/5fa3385163ee7080bc13026d59656267daaaaf3c728c233d530e2c2757c8/pillow-11.0.0-cp313-cp313-musllinux_1_2_x86_64.whl", hash = "sha256:fba162b8872d30fea8c52b258a542c5dfd7b235fb5cb352240c8d63b414013eb", size = 4430378 },
    { url = "https://files.pythonhosted.org/packages/ca/1d/ad9c14811133977ff87035bf426875b93097fb50af747793f013979facdb/pillow-11.0.0-cp313-cp313-win32.whl", hash = "sha256:f1b82c27e89fffc6da125d5eb0ca6e68017faf5efc078128cfaa42cf5cb38798", size = 2249588 },
    { url = "https://files.pythonhosted.org/packages/fb/01/3755ba287dac715e6afdb333cb1f6d69740a7475220b4637b5ce3d78cec2/pillow-11.0.0-cp313-cp313-win_amd64.whl", hash = "sha256:8ba470552b48e5835f1d23ecb936bb7f71d206f9dfeee64245f30c3270b994de", size = 2567509 },
    { url = "https://files.pythonhosted.org/packages/c0/98/2c7d727079b6be1aba82d195767d35fcc2d32204c7a5820f822df5330152/pillow-11.0.0-cp313-cp313-win_arm64.whl", hash = "sha256:846e193e103b41e984ac921b335df59195356ce3f71dcfd155aa79c603873b84", size = 2254791 },
    { url = "https://files.pythonhosted.org/packages/eb/38/998b04cc6f474e78b563716b20eecf42a2fa16a84589d23c8898e64b0ffd/pillow-11.0.0-cp313-cp313t-macosx_10_13_x86_64.whl", hash = "sha256:4ad70c4214f67d7466bea6a08061eba35c01b1b89eaa098040a35272a8efb22b", size = 3150854 },
    { url = "https://files.pythonhosted.org/packages/13/8e/be23a96292113c6cb26b2aa3c8b3681ec62b44ed5c2bd0b258bd59503d3c/pillow-11.0.0-cp313-cp313t-macosx_11_0_arm64.whl", hash = "sha256:6ec0d5af64f2e3d64a165f490d96368bb5dea8b8f9ad04487f9ab60dc4bb6003", size = 2982369 },
    { url = "https://files.pythonhosted.org/packages/97/8a/3db4eaabb7a2ae8203cd3a332a005e4aba00067fc514aaaf3e9721be31f1/pillow-11.0.0-cp313-cp313t-manylinux_2_17_x86_64.manylinux2014_x86_64.whl", hash = "sha256:c809a70e43c7977c4a42aefd62f0131823ebf7dd73556fa5d5950f5b354087e2", size = 4333703 },
    { url = "https://files.pythonhosted.org/packages/28/ac/629ffc84ff67b9228fe87a97272ab125bbd4dc462745f35f192d37b822f1/pillow-11.0.0-cp313-cp313t-manylinux_2_28_x86_64.whl", hash = "sha256:4b60c9520f7207aaf2e1d94de026682fc227806c6e1f55bba7606d1c94dd623a", size = 4412550 },
    { url = "https://files.pythonhosted.org/packages/d6/07/a505921d36bb2df6868806eaf56ef58699c16c388e378b0dcdb6e5b2fb36/pillow-11.0.0-cp313-cp313t-musllinux_1_2_x86_64.whl", hash = "sha256:1e2688958a840c822279fda0086fec1fdab2f95bf2b717b66871c4ad9859d7e8", size = 4461038 },
    { url = "https://files.pythonhosted.org/packages/d6/b9/fb620dd47fc7cc9678af8f8bd8c772034ca4977237049287e99dda360b66/pillow-11.0.0-cp313-cp313t-win32.whl", hash = "sha256:607bbe123c74e272e381a8d1957083a9463401f7bd01287f50521ecb05a313f8", size = 2253197 },
    { url = "https://files.pythonhosted.org/packages/df/86/25dde85c06c89d7fc5db17940f07aae0a56ac69aa9ccb5eb0f09798862a8/pillow-11.0.0-cp313-cp313t-win_amd64.whl", hash = "sha256:5c39ed17edea3bc69c743a8dd3e9853b7509625c2462532e62baa0732163a904", size = 2572169 },
    { url = "https://files.pythonhosted.org/packages/51/85/9c33f2517add612e17f3381aee7c4072779130c634921a756c97bc29fb49/pillow-11.0.0-cp313-cp313t-win_arm64.whl", hash = "sha256:75acbbeb05b86bc53cbe7b7e6fe00fbcf82ad7c684b3ad82e3d711da9ba287d3", size = 2256828 },
]

[[package]]
name = "python-dateutil"
version = "2.9.0.post0"
source = { registry = "https://pypi.org/simple" }
dependencies = [
    { name = "six" },
]
sdist = { url = "https://files.pythonhosted.org/packages/66/c0/0c8b6ad9f17a802ee498c46e004a0eb49bc148f2fd230864601a86dcf6db/python-dateutil-2.9.0.post0.tar.gz", hash = "sha256:37dd54208da7e1cd875388217d5e00ebd4179249f90fb72437e91a35459a0ad3", size = 342432 }
wheels = [
    { url = "https://files.pythonhosted.org/packages/ec/57/56b9bcc3c9c6a792fcbaf139543cee77261f3651ca9da0c93f5c1221264b/python_dateutil-2.9.0.post0-py2.py3-none-any.whl", hash = "sha256:a8b2bc7bffae282281c8140a97d3aa9c14da0b136dfe83f850eea9a5f7470427", size = 229892 },
]

[[package]]
name = "reconhecimento-celebridades"
version = "0.1.0"
source = { virtual = "." }
dependencies = [
    { name = "boto3" },
    { name = "boto3-stubs", extra = ["rekognition"] },
    { name = "pillow" },
]

[package.metadata]
requires-dist = [
    { name = "boto3", specifier = ">=1.35.64" },
    { name = "boto3-stubs", extras = ["rekognition"], specifier = ">=1.35.64" },
    { name = "pillow", specifier = ">=11.0.0" },
]

[[package]]
name = "s3transfer"
version = "0.10.3"
source = { registry = "https://pypi.org/simple" }
dependencies = [
    { name = "botocore" },
]
sdist = { url = "https://files.pythonhosted.org/packages/a0/a8/e0a98fd7bd874914f0608ef7c90ffde17e116aefad765021de0f012690a2/s3transfer-0.10.3.tar.gz", hash = "sha256:4f50ed74ab84d474ce614475e0b8d5047ff080810aac5d01ea25231cfc944b0c", size = 144591 }
wheels = [
    { url = "https://files.pythonhosted.org/packages/e5/c0/b0fba8259b61c938c9733da9346b9f93e00881a9db22aafdd72f6ae0ec05/s3transfer-0.10.3-py3-none-any.whl", hash = "sha256:263ed587a5803c6c708d3ce44dc4dfedaab4c1a32e8329bab818933d79ddcf5d", size = 82625 },
]

[[package]]
name = "six"
version = "1.16.0"
source = { registry = "https://pypi.org/simple" }
sdist = { url = "https://files.pythonhosted.org/packages/71/39/171f1c67cd00715f190ba0b100d606d440a28c93c7714febeca8b79af85e/six-1.16.0.tar.gz", hash = "sha256:1e61c37477a1626458e36f7b1d82aa5c9b094fa4802892072e49de9c60c4c926", size = 34041 }
wheels = [
    { url = "https://files.pythonhosted.org/packages/d9/5a/e7c31adbe875f2abbb91bd84cf2dc52d792b5a01506781dbcf25c91daf11/six-1.16.0-py2.py3-none-any.whl", hash = "sha256:8abb2f1d86890a2dfb989f9a77cfcfd3e47c2a354b01111771326f8aa26e0254", size = 11053 },
]

[[package]]
name = "types-awscrt"
version = "0.23.0"
source = { registry = "https://pypi.org/simple" }
sdist = { url = "https://files.pythonhosted.org/packages/dd/23/7de2052a76ec03cdc56cb425efbcb80e9d779a188cd1ae44e8524c717c35/types_awscrt-0.23.0.tar.gz", hash = "sha256:3fd1edeac923d1956c0e907c973fb83bda465beae7f054716b371b293f9b5fdc", size = 14942 }
wheels = [
    { url = "https://files.pythonhosted.org/packages/fc/05/155d84a2a73083bf3243584ae90d9710eac7d31f54362e35ca413bdaba39/types_awscrt-0.23.0-py3-none-any.whl", hash = "sha256:517d9d06f19cf58d778ca90ad01e52e0489466bf70dcf78c7f47f74fdf151a60", size = 18406 },
]

[[package]]
name = "types-s3transfer"
version = "0.10.3"
source = { registry = "https://pypi.org/simple" }
sdist = { url = "https://files.pythonhosted.org/packages/41/60/3e58d63d1aea14a1c86eb89d717b1e2a3fcf1cc6bd1ae9dd21ab0ba14e8d/types_s3transfer-0.10.3.tar.gz", hash = "sha256:f761b2876ac4c208e6c6b75cdf5f6939009768be9950c545b11b0225e7703ee7", size = 13837 }
wheels = [
    { url = "https://files.pythonhosted.org/packages/a4/15/983b535b1f76db52f3b428ef079aa3013c71a8b7aaab98edee4a1b2ab647/types_s3transfer-0.10.3-py3-none-any.whl", hash = "sha256:d34c5a82f531af95bb550927136ff5b737a1ed3087f90a59d545591dfde5b4cc", size = 18740 },
]

[[package]]
name = "urllib3"
version = "2.2.3"
source = { registry = "https://pypi.org/simple" }
sdist = { url = "https://files.pythonhosted.org/packages/ed/63/22ba4ebfe7430b76388e7cd448d5478814d3032121827c12a2cc287e2260/urllib3-2.2.3.tar.gz", hash = "sha256:e7d814a81dad81e6caf2ec9fdedb284ecc9c73076b62654547cc64ccdcae26e9", size = 300677 }
wheels = [
    { url = "https://files.pythonhosted.org/packages/ce/d9/5f4c13cecde62396b0d3fe530a50ccea91e7dfc1ccf0e09c228841bb5ba8/urllib3-2.2.3-py3-none-any.whl", hash = "sha256:ca899ca043dcb1bafa3e262d73aa25c465bfb49e0bd9dd5d59f1d0acba2f8fac", size = 126338 },
]
