version = 1
requires-python = ">=3.13"

[[package]]
name = "boto3"
version = "1.35.63"
source = { registry = "https://pypi.org/simple" }
dependencies = [
    { name = "botocore" },
    { name = "jmespath" },
    { name = "s3transfer" },
]
sdist = { url = "https://files.pythonhosted.org/packages/ec/3c/c352b0d011fa2edc56dea0ab7c83c4b3ca33712b7b11bc7ae40bc233a89c/boto3-1.35.63.tar.gz", hash = "sha256:deb593d9a0fb240deb4c43e4da8e6626d7c36be7b2fd2fe28f49d44d395b7de0", size = 111003 }
wheels = [
    { url = "https://files.pythonhosted.org/packages/99/02/b38e1fdc9129c2e26ea0d86cbb6641ee148ab1886b4827b30d9bd3361c52/boto3-1.35.63-py3-none-any.whl", hash = "sha256:d0f938d4f6f392b6ffc5e75fff14a42e5bbb5228675a0367c8af55398abadbec", size = 139179 },
]

[[package]]
name = "boto3-stubs"
version = "1.35.63"
source = { registry = "https://pypi.org/simple" }
dependencies = [
    { name = "botocore-stubs" },
    { name = "types-s3transfer" },
]
sdist = { url = "https://files.pythonhosted.org/packages/8e/cf/b4116eefdc95102271df2a47bef1db7ac88d1c1b938648c4302fe817150c/boto3_stubs-1.35.63.tar.gz", hash = "sha256:cc471636d28f595bf750dc3c2079d16e988c9f518a66f50c9d62b0119c3f72cf", size = 92215 }
wheels = [
    { url = "https://files.pythonhosted.org/packages/d5/af/c357c3af2ecc581a5513adcf84c37d1e1f6e79693ff2d56d7d0bf82d485c/boto3_stubs-1.35.63-py3-none-any.whl", hash = "sha256:74663e6087360f49a4da4d2079bca6a809586f44d42238046d5a726c48be4a00", size = 62165 },
]

[package.optional-dependencies]
textract = [
    { name = "mypy-boto3-textract" },
]

[[package]]
name = "botocore"
version = "1.35.63"
source = { registry = "https://pypi.org/simple" }
dependencies = [
    { name = "jmespath" },
    { name = "python-dateutil" },
    { name = "urllib3" },
]
sdist = { url = "https://files.pythonhosted.org/packages/6e/db/11eb0bfd552d28872654663c0b8d9c3fc0e57ba88261b0b1877c990e1740/botocore-1.35.63.tar.gz", hash = "sha256:2b8196bab0a997d206c3d490b52e779ef47dffb68c57c685443f77293aca1589", size = 13038035 }
wheels = [
    { url = "https://files.pythonhosted.org/packages/fd/36/6b1c3ff8258586ce6cdffc4e3b1593d7ff1a97db04f3e99c38b3909ac318/botocore-1.35.63-py3-none-any.whl", hash = "sha256:0ca1200694a4c0a3fa846795d8e8a08404c214e21195eb9e010c4b8a4ca78a4a", size = 12829128 },
]

[[package]]
name = "botocore-stubs"
version = "1.35.63"
source = { registry = "https://pypi.org/simple" }
dependencies = [
    { name = "types-awscrt" },
]
sdist = { url = "https://files.pythonhosted.org/packages/60/52/963f84d004f6679f2cce0972b3e1e17af62611567ec25368b3a06728696b/botocore_stubs-1.35.63.tar.gz", hash = "sha256:e7d1f5c704c837b751e5c2b1d128f7c889ab04ebf2d56143702f5fc92702858b", size = 40705 }
wheels = [
    { url = "https://files.pythonhosted.org/packages/4b/07/762c66e611c3d1668b3a4074dff26cff4974cb9627ba18506f67b807cd09/botocore_stubs-1.35.63-py3-none-any.whl", hash = "sha256:7ac5cbfb3bf15106c3344a56d5e853c07dd1fc775ebc37ff1a2d2cb0e79b4ef1", size = 60353 },
]

[[package]]
name = "jmespath"
version = "1.0.1"
source = { registry = "https://pypi.org/simple" }
sdist = { url = "https://files.pythonhosted.org/packages/00/2a/e867e8531cf3e36b41201936b7fa7ba7b5702dbef42922193f05c8976cd6/jmespath-1.0.1.tar.gz", hash = "sha256:90261b206d6defd58fdd5e85f478bf633a2901798906be2ad389150c5c60edbe", size = 25843 }
wheels = [
    { url = "https://files.pythonhosted.org/packages/31/b4/b9b800c45527aadd64d5b442f9b932b00648617eb5d63d2c7a6587b7cafc/jmespath-1.0.1-py3-none-any.whl", hash = "sha256:02e2e4cc71b5bcab88332eebf907519190dd9e6e82107fa7f83b1003a6252980", size = 20256 },
]

[[package]]
name = "mypy-boto3-textract"
version = "1.35.0"
source = { registry = "https://pypi.org/simple" }
sdist = { url = "https://files.pythonhosted.org/packages/fb/f9/c5f57f5e2704ca2cd9212a3e9380c5a73793778d04ecebd55367ac2c68fd/mypy_boto3_textract-1.35.0.tar.gz", hash = "sha256:8b43663513f0132a6be26d2f36d2435c71006c272a7714dec58dcc0da96dbe1f", size = 20571 }
wheels = [
    { url = "https://files.pythonhosted.org/packages/d5/d2/6703631e99cc5b58dd094df6db253e579ec12d7d87773b880bf0f2d4453e/mypy_boto3_textract-1.35.0-py3-none-any.whl", hash = "sha256:3e365bde3644a05961fdd616f4feb93e667b89e676867249ffc2240e46761d1d", size = 29716 },
]

[[package]]
name = "ocr-lista-escolar"
version = "0.1.0"
source = { virtual = "." }
dependencies = [
    { name = "boto3" },
    { name = "boto3-stubs", extra = ["textract"] },
]

[package.metadata]
requires-dist = [
    { name = "boto3", specifier = ">=1.35.63" },
    { name = "boto3-stubs", extras = ["textract"], specifier = ">=1.35.63" },
]

[[package]]
name = "python-dateutil"
version = "2.9.0.post0"
source = { registry = "https://pypi.org/simple" }
dependencies = [
    { name = "six" },
]
sdist = { url = "https://files.pythonhosted.org/packages/66/c0/0c8b6ad9f17a802ee498c46e004a0eb49bc148f2fd230864601a86dcf6db/python-dateutil-2.9.0.post0.tar.gz", hash = "sha256:37dd54208da7e1cd875388217d5e00ebd4179249f90fb72437e91a35459a0ad3", size = 342432 }
wheels = [
    { url = "https://files.pythonhosted.org/packages/ec/57/56b9bcc3c9c6a792fcbaf139543cee77261f3651ca9da0c93f5c1221264b/python_dateutil-2.9.0.post0-py2.py3-none-any.whl", hash = "sha256:a8b2bc7bffae282281c8140a97d3aa9c14da0b136dfe83f850eea9a5f7470427", size = 229892 },
]

[[package]]
name = "s3transfer"
version = "0.10.3"
source = { registry = "https://pypi.org/simple" }
dependencies = [
    { name = "botocore" },
]
sdist = { url = "https://files.pythonhosted.org/packages/a0/a8/e0a98fd7bd874914f0608ef7c90ffde17e116aefad765021de0f012690a2/s3transfer-0.10.3.tar.gz", hash = "sha256:4f50ed74ab84d474ce614475e0b8d5047ff080810aac5d01ea25231cfc944b0c", size = 144591 }
wheels = [
    { url = "https://files.pythonhosted.org/packages/e5/c0/b0fba8259b61c938c9733da9346b9f93e00881a9db22aafdd72f6ae0ec05/s3transfer-0.10.3-py3-none-any.whl", hash = "sha256:263ed587a5803c6c708d3ce44dc4dfedaab4c1a32e8329bab818933d79ddcf5d", size = 82625 },
]

[[package]]
name = "six"
version = "1.16.0"
source = { registry = "https://pypi.org/simple" }
sdist = { url = "https://files.pythonhosted.org/packages/71/39/171f1c67cd00715f190ba0b100d606d440a28c93c7714febeca8b79af85e/six-1.16.0.tar.gz", hash = "sha256:1e61c37477a1626458e36f7b1d82aa5c9b094fa4802892072e49de9c60c4c926", size = 34041 }
wheels = [
    { url = "https://files.pythonhosted.org/packages/d9/5a/e7c31adbe875f2abbb91bd84cf2dc52d792b5a01506781dbcf25c91daf11/six-1.16.0-py2.py3-none-any.whl", hash = "sha256:8abb2f1d86890a2dfb989f9a77cfcfd3e47c2a354b01111771326f8aa26e0254", size = 11053 },
]

[[package]]
name = "types-awscrt"
version = "0.23.0"
source = { registry = "https://pypi.org/simple" }
sdist = { url = "https://files.pythonhosted.org/packages/dd/23/7de2052a76ec03cdc56cb425efbcb80e9d779a188cd1ae44e8524c717c35/types_awscrt-0.23.0.tar.gz", hash = "sha256:3fd1edeac923d1956c0e907c973fb83bda465beae7f054716b371b293f9b5fdc", size = 14942 }
wheels = [
    { url = "https://files.pythonhosted.org/packages/fc/05/155d84a2a73083bf3243584ae90d9710eac7d31f54362e35ca413bdaba39/types_awscrt-0.23.0-py3-none-any.whl", hash = "sha256:517d9d06f19cf58d778ca90ad01e52e0489466bf70dcf78c7f47f74fdf151a60", size = 18406 },
]

[[package]]
name = "types-s3transfer"
version = "0.10.3"
source = { registry = "https://pypi.org/simple" }
sdist = { url = "https://files.pythonhosted.org/packages/41/60/3e58d63d1aea14a1c86eb89d717b1e2a3fcf1cc6bd1ae9dd21ab0ba14e8d/types_s3transfer-0.10.3.tar.gz", hash = "sha256:f761b2876ac4c208e6c6b75cdf5f6939009768be9950c545b11b0225e7703ee7", size = 13837 }
wheels = [
    { url = "https://files.pythonhosted.org/packages/a4/15/983b535b1f76db52f3b428ef079aa3013c71a8b7aaab98edee4a1b2ab647/types_s3transfer-0.10.3-py3-none-any.whl", hash = "sha256:d34c5a82f531af95bb550927136ff5b737a1ed3087f90a59d545591dfde5b4cc", size = 18740 },
]

[[package]]
name = "urllib3"
version = "2.2.3"
source = { registry = "https://pypi.org/simple" }
sdist = { url = "https://files.pythonhosted.org/packages/ed/63/22ba4ebfe7430b76388e7cd448d5478814d3032121827c12a2cc287e2260/urllib3-2.2.3.tar.gz", hash = "sha256:e7d814a81dad81e6caf2ec9fdedb284ecc9c73076b62654547cc64ccdcae26e9", size = 300677 }
wheels = [
    { url = "https://files.pythonhosted.org/packages/ce/d9/5f4c13cecde62396b0d3fe530a50ccea91e7dfc1ccf0e09c228841bb5ba8/urllib3-2.2.3-py3-none-any.whl", hash = "sha256:ca899ca043dcb1bafa3e262d73aa25c465bfb49e0bd9dd5d59f1d0acba2f8fac", size = 126338 },
]
